
Microsoft Visual Studio Solution File, Format Version 12.00
# Visual Studio Version 17
VisualStudioVersion = 17.5.33424.131
MinimumVisualStudioVersion = 10.0.40219.1
Project("{9A19103F-16F7-4668-BE54-9A1E7A4F7556}") = "Personal.Template.Web.Api", "Personal_Template\Personal.Template.Web.Api.csproj", "{7B4797DC-5014-4F43-878F-7DD28C79912C}"
EndProject
Project("{9A19103F-16F7-4668-BE54-9A1E7A4F7556}") = "Personal.Common", "Personal_Common\Personal.Common.csproj", "{64894035-4C06-4A53-BF29-61D2B30FDB51}"
EndProject
Project("{9A19103F-16F7-4668-BE54-9A1E7A4F7556}") = "Personal.Infrastructure", "Personal_Infrastructure\Personal.Infrastructure.csproj", "{9BE9029A-CB71-4334-8BCD-DE82C6E096D3}"
EndProject
Project("{9A19103F-16F7-4668-BE54-9A1E7A4F7556}") = "Personal.Repository", "Personal_Repository\Personal.Repository.csproj", "{6B15568B-BD3B-49DB-A5B4-F746297A4D72}"
EndProject
Project("{9A19103F-16F7-4668-BE54-9A1E7A4F7556}") = "Personal.Repository.SqlServer", "Personal_Repository_SqlServer\Personal.Repository.SqlServer.csproj", "{260834A9-9693-4B66-BD0D-5AAD90631324}"
EndProject
Project("{9A19103F-16F7-4668-BE54-9A1E7A4F7556}") = "Personal.Service", "Personal_Service\Personal.Service.csproj", "{9E7648BB-9AF2-429F-AA2C-89664B73E6A3}"
EndProject
Project("{FAE04EC0-301F-11D3-BF4B-00C04F79EFBC}") = "Personal.Repository.Mysql", "Personal_Repository_Mysql\Personal.Repository.Mysql.csproj", "{5FC4A7CE-37D4-46B2-B4EC-5B73AEA13F6A}"
EndProject
Project("{FAE04EC0-301F-11D3-BF4B-00C04F79EFBC}") = "Personal.Repository.Share", "Personal_Repository_Share\Personal.Repository.Share.csproj", "{B2369CEA-7590-4BC0-B3CE-5B247DFF1200}"
EndProject
Global
	GlobalSection(SolutionConfigurationPlatforms) = preSolution
		Debug|Any CPU = Debug|Any CPU
		Release|Any CPU = Release|Any CPU
	EndGlobalSection
	GlobalSection(ProjectConfigurationPlatforms) = postSolution
		{7B4797DC-5014-4F43-878F-7DD28C79912C}.Debug|Any CPU.ActiveCfg = Debug|Any CPU
		{7B4797DC-5014-4F43-878F-7DD28C79912C}.Debug|Any CPU.Build.0 = Debug|Any CPU
		{7B4797DC-5014-4F43-878F-7DD28C79912C}.Release|Any CPU.ActiveCfg = Release|Any CPU
		{7B4797DC-5014-4F43-878F-7DD28C79912C}.Release|Any CPU.Build.0 = Release|Any CPU
		{64894035-4C06-4A53-BF29-61D2B30FDB51}.Debug|Any CPU.ActiveCfg = Debug|Any CPU
		{64894035-4C06-4A53-BF29-61D2B30FDB51}.Debug|Any CPU.Build.0 = Debug|Any CPU
		{64894035-4C06-4A53-BF29-61D2B30FDB51}.Release|Any CPU.ActiveCfg = Release|Any CPU
		{64894035-4C06-4A53-BF29-61D2B30FDB51}.Release|Any CPU.Build.0 = Release|Any CPU
		{9BE9029A-CB71-4334-8BCD-DE82C6E096D3}.Debug|Any CPU.ActiveCfg = Debug|Any CPU
		{9BE9029A-CB71-4334-8BCD-DE82C6E096D3}.Debug|Any CPU.Build.0 = Debug|Any CPU
		{9BE9029A-CB71-4334-8BCD-DE82C6E096D3}.Release|Any CPU.ActiveCfg = Release|Any CPU
		{9BE9029A-CB71-4334-8BCD-DE82C6E096D3}.Release|Any CPU.Build.0 = Release|Any CPU
		{6B15568B-BD3B-49DB-A5B4-F746297A4D72}.Debug|Any CPU.ActiveCfg = Debug|Any CPU
		{6B15568B-BD3B-49DB-A5B4-F746297A4D72}.Debug|Any CPU.Build.0 = Debug|Any CPU
		{6B15568B-BD3B-49DB-A5B4-F746297A4D72}.Release|Any CPU.ActiveCfg = Release|Any CPU
		{6B15568B-BD3B-49DB-A5B4-F746297A4D72}.Release|Any CPU.Build.0 = Release|Any CPU
		{260834A9-9693-4B66-BD0D-5AAD90631324}.Debug|Any CPU.ActiveCfg = Debug|Any CPU
		{260834A9-9693-4B66-BD0D-5AAD90631324}.Debug|Any CPU.Build.0 = Debug|Any CPU
		{260834A9-9693-4B66-BD0D-5AAD90631324}.Release|Any CPU.ActiveCfg = Release|Any CPU
		{260834A9-9693-4B66-BD0D-5AAD90631324}.Release|Any CPU.Build.0 = Release|Any CPU
		{9E7648BB-9AF2-429F-AA2C-89664B73E6A3}.Debug|Any CPU.ActiveCfg = Debug|Any CPU
		{9E7648BB-9AF2-429F-AA2C-89664B73E6A3}.Debug|Any CPU.Build.0 = Debug|Any CPU
		{9E7648BB-9AF2-429F-AA2C-89664B73E6A3}.Release|Any CPU.ActiveCfg = Release|Any CPU
		{9E7648BB-9AF2-429F-AA2C-89664B73E6A3}.Release|Any CPU.Build.0 = Release|Any CPU
		{5FC4A7CE-37D4-46B2-B4EC-5B73AEA13F6A}.Debug|Any CPU.ActiveCfg = Debug|Any CPU
		{5FC4A7CE-37D4-46B2-B4EC-5B73AEA13F6A}.Debug|Any CPU.Build.0 = Debug|Any CPU
		{5FC4A7CE-37D4-46B2-B4EC-5B73AEA13F6A}.Release|Any CPU.ActiveCfg = Release|Any CPU
		{5FC4A7CE-37D4-46B2-B4EC-5B73AEA13F6A}.Release|Any CPU.Build.0 = Release|Any CPU
		{B2369CEA-7590-4BC0-B3CE-5B247DFF1200}.Debug|Any CPU.ActiveCfg = Debug|Any CPU
		{B2369CEA-7590-4BC0-B3CE-5B247DFF1200}.Debug|Any CPU.Build.0 = Debug|Any CPU
		{B2369CEA-7590-4BC0-B3CE-5B247DFF1200}.Release|Any CPU.ActiveCfg = Release|Any CPU
		{B2369CEA-7590-4BC0-B3CE-5B247DFF1200}.Release|Any CPU.Build.0 = Release|Any CPU
	EndGlobalSection
	GlobalSection(SolutionProperties) = preSolution
		HideSolutionNode = FALSE
	EndGlobalSection
	GlobalSection(ExtensibilityGlobals) = postSolution
		SolutionGuid = {84D44400-C317-478C-A31E-4AA978CDEA38}
	EndGlobalSection
EndGlobal
